// !$*UTF8*$!
{
	archiveVersion = 1;
	classes = {
	};
	objectVersion = 50;
	objects = {

/* Begin PBXBuildFile section */
		0B1210B825BA230F00F84FDB /* Tests_iOS.swift in Sources */ = {isa = PBXBuildFile; fileRef = 0B1210B725BA230F00F84FDB /* Tests_iOS.swift */; };
		0B1210C325BA230F00F84FDB /* Tests_macOS.swift in Sources */ = {isa = PBXBuildFile; fileRef = 0B1210C225BA230F00F84FDB /* Tests_macOS.swift */; };
		0B1210C525BA230F00F84FDB /* Wave_Lab_ManagementApp.swift in Sources */ = {isa = PBXBuildFile; fileRef = 0B12109C25BA230E00F84FDB /* Wave_Lab_ManagementApp.swift */; };
		0B1210C625BA230F00F84FDB /* Wave_Lab_ManagementApp.swift in Sources */ = {isa = PBXBuildFile; fileRef = 0B12109C25BA230E00F84FDB /* Wave_Lab_ManagementApp.swift */; };
		0B1210C725BA231000F84FDB /* ContentView.swift in Sources */ = {isa = PBXBuildFile; fileRef = 0B12109D25BA230E00F84FDB /* ContentView.swift */; };
		0B1210C825BA231000F84FDB /* ContentView.swift in Sources */ = {isa = PBXBuildFile; fileRef = 0B12109D25BA230E00F84FDB /* ContentView.swift */; };
		0B1210C925BA231000F84FDB /* Assets.xcassets in Resources */ = {isa = PBXBuildFile; fileRef = 0B12109E25BA230F00F84FDB /* Assets.xcassets */; };
		0B1210CA25BA231000F84FDB /* Assets.xcassets in Resources */ = {isa = PBXBuildFile; fileRef = 0B12109E25BA230F00F84FDB /* Assets.xcassets */; };
/* End PBXBuildFile section */

/* Begin PBXContainerItemProxy section */
		0B1210B425BA230F00F84FDB /* PBXContainerItemProxy */ = {
			isa = PBXContainerItemProxy;
			containerPortal = 0B12109725BA230E00F84FDB /* Project object */;
			proxyType = 1;
			remoteGlobalIDString = 0B1210A225BA230F00F84FDB;
			remoteInfo = "Wave Lab Management (iOS)";
		};
		0B1210BF25BA230F00F84FDB /* PBXContainerItemProxy */ = {
			isa = PBXContainerItemProxy;
			containerPortal = 0B12109725BA230E00F84FDB /* Project object */;
			proxyType = 1;
			remoteGlobalIDString = 0B1210AA25BA230F00F84FDB;
			remoteInfo = "Wave Lab Management (macOS)";
		};
/* End PBXContainerItemProxy section */

/* Begin PBXFileReference section */
		0B12109C25BA230E00F84FDB /* Wave_Lab_ManagementApp.swift */ = {isa = PBXFileReference; lastKnownFileType = sourcecode.swift; path = Wave_Lab_ManagementApp.swift; sourceTree = "<group>"; };
		0B12109D25BA230E00F84FDB /* ContentView.swift */ = {isa = PBXFileReference; lastKnownFileType = sourcecode.swift; path = ContentView.swift; sourceTree = "<group>"; };
		0B12109E25BA230F00F84FDB /* Assets.xcassets */ = {isa = PBXFileReference; lastKnownFileType = folder.assetcatalog; path = Assets.xcassets; sourceTree = "<group>"; };
		0B1210A325BA230F00F84FDB /* Wave Lab Management.app */ = {isa = PBXFileReference; explicitFileType = wrapper.application; includeInIndex = 0; path = "Wave Lab Management.app"; sourceTree = BUILT_PRODUCTS_DIR; };
		0B1210A625BA230F00F84FDB /* Info.plist */ = {isa = PBXFileReference; lastKnownFileType = text.plist.xml; path = Info.plist; sourceTree = "<group>"; };
		0B1210AB25BA230F00F84FDB /* Wave Lab Management.app */ = {isa = PBXFileReference; explicitFileType = wrapper.application; includeInIndex = 0; path = "Wave Lab Management.app"; sourceTree = BUILT_PRODUCTS_DIR; };
		0B1210AD25BA230F00F84FDB /* Info.plist */ = {isa = PBXFileReference; lastKnownFileType = text.plist.xml; path = Info.plist; sourceTree = "<group>"; };
		0B1210AE25BA230F00F84FDB /* macOS.entitlements */ = {isa = PBXFileReference; lastKnownFileType = text.plist.entitlements; path = macOS.entitlements; sourceTree = "<group>"; };
		0B1210B325BA230F00F84FDB /* Tests iOS.xctest */ = {isa = PBXFileReference; explicitFileType = wrapper.cfbundle; includeInIndex = 0; path = "Tests iOS.xctest"; sourceTree = BUILT_PRODUCTS_DIR; };
		0B1210B725BA230F00F84FDB /* Tests_iOS.swift */ = {isa = PBXFileReference; lastKnownFileType = sourcecode.swift; path = Tests_iOS.swift; sourceTree = "<group>"; };
		0B1210B925BA230F00F84FDB /* Info.plist */ = {isa = PBXFileReference; lastKnownFileType = text.plist.xml; path = Info.plist; sourceTree = "<group>"; };
		0B1210BE25BA230F00F84FDB /* Tests macOS.xctest */ = {isa = PBXFileReference; explicitFileType = wrapper.cfbundle; includeInIndex = 0; path = "Tests macOS.xctest"; sourceTree = BUILT_PRODUCTS_DIR; };
		0B1210C225BA230F00F84FDB /* Tests_macOS.swift */ = {isa = PBXFileReference; lastKnownFileType = sourcecode.swift; path = Tests_macOS.swift; sourceTree = "<group>"; };
		0B1210C425BA230F00F84FDB /* Info.plist */ = {isa = PBXFileReference; lastKnownFileType = text.plist.xml; path = Info.plist; sourceTree = "<group>"; };
/* End PBXFileReference section */

/* Begin PBXFrameworksBuildPhase section */
		0B1210A025BA230F00F84FDB /* Frameworks */ = {
			isa = PBXFrameworksBuildPhase;
			buildActionMask = 2147483647;
			files = (
			);
			runOnlyForDeploymentPostprocessing = 0;
		};
		0B1210A825BA230F00F84FDB /* Frameworks */ = {
			isa = PBXFrameworksBuildPhase;
			buildActionMask = 2147483647;
			files = (
			);
			runOnlyForDeploymentPostprocessing = 0;
		};
		0B1210B025BA230F00F84FDB /* Frameworks */ = {
			isa = PBXFrameworksBuildPhase;
			buildActionMask = 2147483647;
			files = (
			);
			runOnlyForDeploymentPostprocessing = 0;
		};
		0B1210BB25BA230F00F84FDB /* Frameworks */ = {
			isa = PBXFrameworksBuildPhase;
			buildActionMask = 2147483647;
			files = (
			);
			runOnlyForDeploymentPostprocessing = 0;
		};
/* End PBXFrameworksBuildPhase section */

/* Begin PBXGroup section */
		0B12109625BA230E00F84FDB = {
			isa = PBXGroup;
			children = (
				0B12109B25BA230E00F84FDB /* Shared */,
				0B1210A525BA230F00F84FDB /* iOS */,
				0B1210AC25BA230F00F84FDB /* macOS */,
				0B1210B625BA230F00F84FDB /* Tests iOS */,
				0B1210C125BA230F00F84FDB /* Tests macOS */,
				0B1210A425BA230F00F84FDB /* Products */,
			);
			sourceTree = "<group>";
		};
		0B12109B25BA230E00F84FDB /* Shared */ = {
			isa = PBXGroup;
			children = (
				0B12109C25BA230E00F84FDB /* Wave_Lab_ManagementApp.swift */,
				0B12109D25BA230E00F84FDB /* ContentView.swift */,
				0B12109E25BA230F00F84FDB /* Assets.xcassets */,
			);
			path = Shared;
			sourceTree = "<group>";
		};
		0B1210A425BA230F00F84FDB /* Products */ = {
			isa = PBXGroup;
			children = (
				0B1210A325BA230F00F84FDB /* Wave Lab Management.app */,
				0B1210AB25BA230F00F84FDB /* Wave Lab Management.app */,
				0B1210B325BA230F00F84FDB /* Tests iOS.xctest */,
				0B1210BE25BA230F00F84FDB /* Tests macOS.xctest */,
			);
			name = Products;
			sourceTree = "<group>";
		};
		0B1210A525BA230F00F84FDB /* iOS */ = {
			isa = PBXGroup;
			children = (
				0B1210A625BA230F00F84FDB /* Info.plist */,
			);
			path = iOS;
			sourceTree = "<group>";
		};
		0B1210AC25BA230F00F84FDB /* macOS */ = {
			isa = PBXGroup;
			children = (
				0B1210AD25BA230F00F84FDB /* Info.plist */,
				0B1210AE25BA230F00F84FDB /* macOS.entitlements */,
			);
			path = macOS;
			sourceTree = "<group>";
		};
		0B1210B625BA230F00F84FDB /* Tests iOS */ = {
			isa = PBXGroup;
			children = (
				0B1210B725BA230F00F84FDB /* Tests_iOS.swift */,
				0B1210B925BA230F00F84FDB /* Info.plist */,
			);
			path = "Tests iOS";
			sourceTree = "<group>";
		};
		0B1210C125BA230F00F84FDB /* Tests macOS */ = {
			isa = PBXGroup;
			children = (
				0B1210C225BA230F00F84FDB /* Tests_macOS.swift */,
				0B1210C425BA230F00F84FDB /* Info.plist */,
			);
			path = "Tests macOS";
			sourceTree = "<group>";
		};
/* End PBXGroup section */

/* Begin PBXNativeTarget section */
		0B1210A225BA230F00F84FDB /* Wave Lab Management (iOS) */ = {
			isa = PBXNativeTarget;
			buildConfigurationList = 0B1210CD25BA231000F84FDB /* Build configuration list for PBXNativeTarget "Wave Lab Management (iOS)" */;
			buildPhases = (
				0B12109F25BA230F00F84FDB /* Sources */,
				0B1210A025BA230F00F84FDB /* Frameworks */,
				0B1210A125BA230F00F84FDB /* Resources */,
			);
			buildRules = (
			);
			dependencies = (
			);
			name = "Wave Lab Management (iOS)";
			productName = "Wave Lab Management (iOS)";
			productReference = 0B1210A325BA230F00F84FDB /* Wave Lab Management.app */;
			productType = "com.apple.product-type.application";
		};
		0B1210AA25BA230F00F84FDB /* Wave Lab Management (macOS) */ = {
			isa = PBXNativeTarget;
			buildConfigurationList = 0B1210D025BA231000F84FDB /* Build configuration list for PBXNativeTarget "Wave Lab Management (macOS)" */;
			buildPhases = (
				0B1210A725BA230F00F84FDB /* Sources */,
				0B1210A825BA230F00F84FDB /* Frameworks */,
				0B1210A925BA230F00F84FDB /* Resources */,
			);
			buildRules = (
			);
			dependencies = (
			);
			name = "Wave Lab Management (macOS)";
			productName = "Wave Lab Management (macOS)";
			productReference = 0B1210AB25BA230F00F84FDB /* Wave Lab Management.app */;
			productType = "com.apple.product-type.application";
		};
		0B1210B225BA230F00F84FDB /* Tests iOS */ = {
			isa = PBXNativeTarget;
			buildConfigurationList = 0B1210D325BA231000F84FDB /* Build configuration list for PBXNativeTarget "Tests iOS" */;
			buildPhases = (
				0B1210AF25BA230F00F84FDB /* Sources */,
				0B1210B025BA230F00F84FDB /* Frameworks */,
				0B1210B125BA230F00F84FDB /* Resources */,
			);
			buildRules = (
			);
			dependencies = (
				0B1210B525BA230F00F84FDB /* PBXTargetDependency */,
			);
			name = "Tests iOS";
			productName = "Tests iOS";
			productReference = 0B1210B325BA230F00F84FDB /* Tests iOS.xctest */;
			productType = "com.apple.product-type.bundle.ui-testing";
		};
		0B1210BD25BA230F00F84FDB /* Tests macOS */ = {
			isa = PBXNativeTarget;
			buildConfigurationList = 0B1210D625BA231000F84FDB /* Build configuration list for PBXNativeTarget "Tests macOS" */;
			buildPhases = (
				0B1210BA25BA230F00F84FDB /* Sources */,
				0B1210BB25BA230F00F84FDB /* Frameworks */,
				0B1210BC25BA230F00F84FDB /* Resources */,
			);
			buildRules = (
			);
			dependencies = (
				0B1210C025BA230F00F84FDB /* PBXTargetDependency */,
			);
			name = "Tests macOS";
			productName = "Tests macOS";
			productReference = 0B1210BE25BA230F00F84FDB /* Tests macOS.xctest */;
			productType = "com.apple.product-type.bundle.ui-testing";
		};
/* End PBXNativeTarget section */

/* Begin PBXProject section */
		0B12109725BA230E00F84FDB /* Project object */ = {
			isa = PBXProject;
			attributes = {
				LastSwiftUpdateCheck = 1230;
				LastUpgradeCheck = 1230;
				TargetAttributes = {
					0B1210A225BA230F00F84FDB = {
						CreatedOnToolsVersion = 12.3;
					};
					0B1210AA25BA230F00F84FDB = {
						CreatedOnToolsVersion = 12.3;
					};
					0B1210B225BA230F00F84FDB = {
						CreatedOnToolsVersion = 12.3;
						TestTargetID = 0B1210A225BA230F00F84FDB;
					};
					0B1210BD25BA230F00F84FDB = {
						CreatedOnToolsVersion = 12.3;
						TestTargetID = 0B1210AA25BA230F00F84FDB;
					};
				};
			};
			buildConfigurationList = 0B12109A25BA230E00F84FDB /* Build configuration list for PBXProject "Wave Lab Management" */;
			compatibilityVersion = "Xcode 9.3";
			developmentRegion = en;
			hasScannedForEncodings = 0;
			knownRegions = (
				en,
				Base,
			);
			mainGroup = 0B12109625BA230E00F84FDB;
			productRefGroup = 0B1210A425BA230F00F84FDB /* Products */;
			projectDirPath = "";
			projectRoot = "";
			targets = (
				0B1210A225BA230F00F84FDB /* Wave Lab Management (iOS) */,
				0B1210AA25BA230F00F84FDB /* Wave Lab Management (macOS) */,
				0B1210B225BA230F00F84FDB /* Tests iOS */,
				0B1210BD25BA230F00F84FDB /* Tests macOS */,
			);
		};
/* End PBXProject section */

/* Begin PBXResourcesBuildPhase section */
		0B1210A125BA230F00F84FDB /* Resources */ = {
			isa = PBXResourcesBuildPhase;
			buildActionMask = 2147483647;
			files = (
				0B1210C925BA231000F84FDB /* Assets.xcassets in Resources */,
			);
			runOnlyForDeploymentPostprocessing = 0;
		};
		0B1210A925BA230F00F84FDB /* Resources */ = {
			isa = PBXResourcesBuildPhase;
			buildActionMask = 2147483647;
			files = (
				0B1210CA25BA231000F84FDB /* Assets.xcassets in Resources */,
			);
			runOnlyForDeploymentPostprocessing = 0;
		};
		0B1210B125BA230F00F84FDB /* Resources */ = {
			isa = PBXResourcesBuildPhase;
			buildActionMask = 2147483647;
			files = (
			);
			runOnlyForDeploymentPostprocessing = 0;
		};
		0B1210BC25BA230F00F84FDB /* Resources */ = {
			isa = PBXResourcesBuildPhase;
			buildActionMask = 2147483647;
			files = (
			);
			runOnlyForDeploymentPostprocessing = 0;
		};
/* End PBXResourcesBuildPhase section */

/* Begin PBXSourcesBuildPhase section */
		0B12109F25BA230F00F84FDB /* Sources */ = {
			isa = PBXSourcesBuildPhase;
			buildActionMask = 2147483647;
			files = (
				0B1210C725BA231000F84FDB /* ContentView.swift in Sources */,
				0B1210C525BA230F00F84FDB /* Wave_Lab_ManagementApp.swift in Sources */,
			);
			runOnlyForDeploymentPostprocessing = 0;
		};
		0B1210A725BA230F00F84FDB /* Sources */ = {
			isa = PBXSourcesBuildPhase;
			buildActionMask = 2147483647;
			files = (
				0B1210C825BA231000F84FDB /* ContentView.swift in Sources */,
				0B1210C625BA230F00F84FDB /* Wave_Lab_ManagementApp.swift in Sources */,
			);
			runOnlyForDeploymentPostprocessing = 0;
		};
		0B1210AF25BA230F00F84FDB /* Sources */ = {
			isa = PBXSourcesBuildPhase;
			buildActionMask = 2147483647;
			files = (
				0B1210B825BA230F00F84FDB /* Tests_iOS.swift in Sources */,
			);
			runOnlyForDeploymentPostprocessing = 0;
		};
		0B1210BA25BA230F00F84FDB /* Sources */ = {
			isa = PBXSourcesBuildPhase;
			buildActionMask = 2147483647;
			files = (
				0B1210C325BA230F00F84FDB /* Tests_macOS.swift in Sources */,
			);
			runOnlyForDeploymentPostprocessing = 0;
		};
/* End PBXSourcesBuildPhase section */

/* Begin PBXTargetDependency section */
		0B1210B525BA230F00F84FDB /* PBXTargetDependency */ = {
			isa = PBXTargetDependency;
			target = 0B1210A225BA230F00F84FDB /* Wave Lab Management (iOS) */;
			targetProxy = 0B1210B425BA230F00F84FDB /* PBXContainerItemProxy */;
		};
		0B1210C025BA230F00F84FDB /* PBXTargetDependency */ = {
			isa = PBXTargetDependency;
			target = 0B1210AA25BA230F00F84FDB /* Wave Lab Management (macOS) */;
			targetProxy = 0B1210BF25BA230F00F84FDB /* PBXContainerItemProxy */;
		};
/* End PBXTargetDependency section */

/* Begin XCBuildConfiguration section */
		0B1210CB25BA231000F84FDB /* Debug */ = {
			isa = XCBuildConfiguration;
			buildSettings = {
				ALWAYS_SEARCH_USER_PATHS = NO;
				CLANG_ANALYZER_NONNULL = YES;
				CLANG_ANALYZER_NUMBER_OBJECT_CONVERSION = YES_AGGRESSIVE;
				CLANG_CXX_LANGUAGE_STANDARD = "gnu++14";
				CLANG_CXX_LIBRARY = "libc++";
				CLANG_ENABLE_MODULES = YES;
				CLANG_ENABLE_OBJC_ARC = YES;
				CLANG_ENABLE_OBJC_WEAK = YES;
				CLANG_WARN_BLOCK_CAPTURE_AUTORELEASING = YES;
				CLANG_WARN_BOOL_CONVERSION = YES;
				CLANG_WARN_COMMA = YES;
				CLANG_WARN_CONSTANT_CONVERSION = YES;
				CLANG_WARN_DEPRECATED_OBJC_IMPLEMENTATIONS = YES;
				CLANG_WARN_DIRECT_OBJC_ISA_USAGE = YES_ERROR;
				CLANG_WARN_DOCUMENTATION_COMMENTS = YES;
				CLANG_WARN_EMPTY_BODY = YES;
				CLANG_WARN_ENUM_CONVERSION = YES;
				CLANG_WARN_INFINITE_RECURSION = YES;
				CLANG_WARN_INT_CONVERSION = YES;
				CLANG_WARN_NON_LITERAL_NULL_CONVERSION = YES;
				CLANG_WARN_OBJC_IMPLICIT_RETAIN_SELF = YES;
				CLANG_WARN_OBJC_LITERAL_CONVERSION = YES;
				CLANG_WARN_OBJC_ROOT_CLASS = YES_ERROR;
				CLANG_WARN_QUOTED_INCLUDE_IN_FRAMEWORK_HEADER = YES;
				CLANG_WARN_RANGE_LOOP_ANALYSIS = YES;
				CLANG_WARN_STRICT_PROTOTYPES = YES;
				CLANG_WARN_SUSPICIOUS_MOVE = YES;
				CLANG_WARN_UNGUARDED_AVAILABILITY = YES_AGGRESSIVE;
				CLANG_WARN_UNREACHABLE_CODE = YES;
				CLANG_WARN__DUPLICATE_METHOD_MATCH = YES;
				COPY_PHASE_STRIP = NO;
				DEBUG_INFORMATION_FORMAT = dwarf;
				ENABLE_STRICT_OBJC_MSGSEND = YES;
				ENABLE_TESTABILITY = YES;
				GCC_C_LANGUAGE_STANDARD = gnu11;
				GCC_DYNAMIC_NO_PIC = NO;
				GCC_NO_COMMON_BLOCKS = YES;
				GCC_OPTIMIZATION_LEVEL = 0;
				GCC_PREPROCESSOR_DEFINITIONS = (
					"DEBUG=1",
					"$(inherited)",
				);
				GCC_WARN_64_TO_32_BIT_CONVERSION = YES;
				GCC_WARN_ABOUT_RETURN_TYPE = YES_ERROR;
				GCC_WARN_UNDECLARED_SELECTOR = YES;
				GCC_WARN_UNINITIALIZED_AUTOS = YES_AGGRESSIVE;
				GCC_WARN_UNUSED_FUNCTION = YES;
				GCC_WARN_UNUSED_VARIABLE = YES;
				MTL_ENABLE_DEBUG_INFO = INCLUDE_SOURCE;
				MTL_FAST_MATH = YES;
				ONLY_ACTIVE_ARCH = YES;
				SWIFT_ACTIVE_COMPILATION_CONDITIONS = DEBUG;
				SWIFT_OPTIMIZATION_LEVEL = "-Onone";
			};
			name = Debug;
		};
		0B1210CC25BA231000F84FDB /* Release */ = {
			isa = XCBuildConfiguration;
			buildSettings = {
				ALWAYS_SEARCH_USER_PATHS = NO;
				CLANG_ANALYZER_NONNULL = YES;
				CLANG_ANALYZER_NUMBER_OBJECT_CONVERSION = YES_AGGRESSIVE;
				CLANG_CXX_LANGUAGE_STANDARD = "gnu++14";
				CLANG_CXX_LIBRARY = "libc++";
				CLANG_ENABLE_MODULES = YES;
				CLANG_ENABLE_OBJC_ARC = YES;
				CLANG_ENABLE_OBJC_WEAK = YES;
				CLANG_WARN_BLOCK_CAPTURE_AUTORELEASING = YES;
				CLANG_WARN_BOOL_CONVERSION = YES;
				CLANG_WARN_COMMA = YES;
				CLANG_WARN_CONSTANT_CONVERSION = YES;
				CLANG_WARN_DEPRECATED_OBJC_IMPLEMENTATIONS = YES;
				CLANG_WARN_DIRECT_OBJC_ISA_USAGE = YES_ERROR;
				CLANG_WARN_DOCUMENTATION_COMMENTS = YES;
				CLANG_WARN_EMPTY_BODY = YES;
				CLANG_WARN_ENUM_CONVERSION = YES;
				CLANG_WARN_INFINITE_RECURSION = YES;
				CLANG_WARN_INT_CONVERSION = YES;
				CLANG_WARN_NON_LITERAL_NULL_CONVERSION = YES;
				CLANG_WARN_OBJC_IMPLICIT_RETAIN_SELF = YES;
				CLANG_WARN_OBJC_LITERAL_CONVERSION = YES;
				CLANG_WARN_OBJC_ROOT_CLASS = YES_ERROR;
				CLANG_WARN_QUOTED_INCLUDE_IN_FRAMEWORK_HEADER = YES;
				CLANG_WARN_RANGE_LOOP_ANALYSIS = YES;
				CLANG_WARN_STRICT_PROTOTYPES = YES;
				CLANG_WARN_SUSPICIOUS_MOVE = YES;
				CLANG_WARN_UNGUARDED_AVAILABILITY = YES_AGGRESSIVE;
				CLANG_WARN_UNREACHABLE_CODE = YES;
				CLANG_WARN__DUPLICATE_METHOD_MATCH = YES;
				COPY_PHASE_STRIP = NO;
				DEBUG_INFORMATION_FORMAT = "dwarf-with-dsym";
				ENABLE_NS_ASSERTIONS = NO;
				ENABLE_STRICT_OBJC_MSGSEND = YES;
				GCC_C_LANGUAGE_STANDARD = gnu11;
				GCC_NO_COMMON_BLOCKS = YES;
				GCC_WARN_64_TO_32_BIT_CONVERSION = YES;
				GCC_WARN_ABOUT_RETURN_TYPE = YES_ERROR;
				GCC_WARN_UNDECLARED_SELECTOR = YES;
				GCC_WARN_UNINITIALIZED_AUTOS = YES_AGGRESSIVE;
				GCC_WARN_UNUSED_FUNCTION = YES;
				GCC_WARN_UNUSED_VARIABLE = YES;
				MTL_ENABLE_DEBUG_INFO = NO;
				MTL_FAST_MATH = YES;
				SWIFT_COMPILATION_MODE = wholemodule;
				SWIFT_OPTIMIZATION_LEVEL = "-O";
			};
			name = Release;
		};
		0B1210CE25BA231000F84FDB /* Debug */ = {
			isa = XCBuildConfiguration;
			buildSettings = {
				ASSETCATALOG_COMPILER_APPICON_NAME = AppIcon;
				ASSETCATALOG_COMPILER_GLOBAL_ACCENT_COLOR_NAME = AccentColor;
				CODE_SIGN_STYLE = Automatic;
				ENABLE_PREVIEWS = YES;
				INFOPLIST_FILE = iOS/Info.plist;
				IPHONEOS_DEPLOYMENT_TARGET = 14.0;
				LD_RUNPATH_SEARCH_PATHS = (
					"$(inherited)",
					"@executable_path/Frameworks",
				);
				PRODUCT_BUNDLE_IDENTIFIER = "CS461Group28.Wave-Lab-Management";
				PRODUCT_NAME = "Wave Lab Management";
				SDKROOT = iphoneos;
				SWIFT_VERSION = 5.0;
				TARGETED_DEVICE_FAMILY = "1,2";
			};
			name = Debug;
		};
		0B1210CF25BA231000F84FDB /* Release */ = {
			isa = XCBuildConfiguration;
			buildSettings = {
				ASSETCATALOG_COMPILER_APPICON_NAME = AppIcon;
				ASSETCATALOG_COMPILER_GLOBAL_ACCENT_COLOR_NAME = AccentColor;
				CODE_SIGN_STYLE = Automatic;
				ENABLE_PREVIEWS = YES;
				INFOPLIST_FILE = iOS/Info.plist;
				IPHONEOS_DEPLOYMENT_TARGET = 14.0;
				LD_RUNPATH_SEARCH_PATHS = (
					"$(inherited)",
					"@executable_path/Frameworks",
				);
				PRODUCT_BUNDLE_IDENTIFIER = "CS461Group28.Wave-Lab-Management";
				PRODUCT_NAME = "Wave Lab Management";
				SDKROOT = iphoneos;
				SWIFT_VERSION = 5.0;
				TARGETED_DEVICE_FAMILY = "1,2";
				VALIDATE_PRODUCT = YES;
			};
			name = Release;
		};
		0B1210D125BA231000F84FDB /* Debug */ = {
			isa = XCBuildConfiguration;
			buildSettings = {
				ASSETCATALOG_COMPILER_APPICON_NAME = AppIcon;
				ASSETCATALOG_COMPILER_GLOBAL_ACCENT_COLOR_NAME = AccentColor;
				CODE_SIGN_ENTITLEMENTS = macOS/macOS.entitlements;
				CODE_SIGN_STYLE = Automatic;
				COMBINE_HIDPI_IMAGES = YES;
				ENABLE_PREVIEWS = YES;
				INFOPLIST_FILE = macOS/Info.plist;
				LD_RUNPATH_SEARCH_PATHS = (
					"$(inherited)",
					"@executable_path/../Frameworks",
				);
				MACOSX_DEPLOYMENT_TARGET = 11.0;
				PRODUCT_BUNDLE_IDENTIFIER = "CS461Group28.Wave-Lab-Management";
				PRODUCT_NAME = "Wave Lab Management";
				SDKROOT = macosx;
				SWIFT_VERSION = 5.0;
			};
			name = Debug;
		};
		0B1210D225BA231000F84FDB /* Release */ = {
			isa = XCBuildConfiguration;
			buildSettings = {
				ASSETCATALOG_COMPILER_APPICON_NAME = AppIcon;
				ASSETCATALOG_COMPILER_GLOBAL_ACCENT_COLOR_NAME = AccentColor;
				CODE_SIGN_ENTITLEMENTS = macOS/macOS.entitlements;
				CODE_SIGN_STYLE = Automatic;
				COMBINE_HIDPI_IMAGES = YES;
				ENABLE_PREVIEWS = YES;
				INFOPLIST_FILE = macOS/Info.plist;
				LD_RUNPATH_SEARCH_PATHS = (
					"$(inherited)",
					"@executable_path/../Frameworks",
				);
				MACOSX_DEPLOYMENT_TARGET = 11.0;
				PRODUCT_BUNDLE_IDENTIFIER = "CS461Group28.Wave-Lab-Management";
				PRODUCT_NAME = "Wave Lab Management";
				SDKROOT = macosx;
				SWIFT_VERSION = 5.0;
			};
			name = Release;
		};
		0B1210D425BA231000F84FDB /* Debug */ = {
			isa = XCBuildConfiguration;
			buildSettings = {
				ALWAYS_EMBED_SWIFT_STANDARD_LIBRARIES = YES;
				CODE_SIGN_STYLE = Automatic;
				INFOPLIST_FILE = "Tests iOS/Info.plist";
				IPHONEOS_DEPLOYMENT_TARGET = 14.3;
				LD_RUNPATH_SEARCH_PATHS = (
					"$(inherited)",
					"@executable_path/Frameworks",
					"@loader_path/Frameworks",
				);
				PRODUCT_BUNDLE_IDENTIFIER = "CS461Group28.Tests-iOS";
				PRODUCT_NAME = "$(TARGET_NAME)";
				SDKROOT = iphoneos;
				SWIFT_VERSION = 5.0;
				TARGETED_DEVICE_FAMILY = "1,2";
				TEST_TARGET_NAME = "Wave Lab Management (iOS)";
			};
			name = Debug;
		};
		0B1210D525BA231000F84FDB /* Release */ = {
			isa = XCBuildConfiguration;
			buildSettings = {
				ALWAYS_EMBED_SWIFT_STANDARD_LIBRARIES = YES;
				CODE_SIGN_STYLE = Automatic;
				INFOPLIST_FILE = "Tests iOS/Info.plist";
				IPHONEOS_DEPLOYMENT_TARGET = 14.3;
				LD_RUNPATH_SEARCH_PATHS = (
					"$(inherited)",
					"@executable_path/Frameworks",
					"@loader_path/Frameworks",
				);
				PRODUCT_BUNDLE_IDENTIFIER = "CS461Group28.Tests-iOS";
				PRODUCT_NAME = "$(TARGET_NAME)";
				SDKROOT = iphoneos;
				SWIFT_VERSION = 5.0;
				TARGETED_DEVICE_FAMILY = "1,2";
				TEST_TARGET_NAME = "Wave Lab Management (iOS)";
				VALIDATE_PRODUCT = YES;
			};
			name = Release;
		};
		0B1210D725BA231000F84FDB /* Debug */ = {
			isa = XCBuildConfiguration;
			buildSettings = {
				ALWAYS_EMBED_SWIFT_STANDARD_LIBRARIES = YES;
				CODE_SIGN_STYLE = Automatic;
				COMBINE_HIDPI_IMAGES = YES;
				INFOPLIST_FILE = "Tests macOS/Info.plist";
				LD_RUNPATH_SEARCH_PATHS = (
					"$(inherited)",
					"@executable_path/../Frameworks",
					"@loader_path/../Frameworks",
				);
				MACOSX_DEPLOYMENT_TARGET = 11.0;
				PRODUCT_BUNDLE_IDENTIFIER = "CS461Group28.Tests-macOS";
				PRODUCT_NAME = "$(TARGET_NAME)";
				SDKROOT = macosx;
				SWIFT_VERSION = 5.0;
				TEST_TARGET_NAME = "Wave Lab Management (macOS)";
			};
			name = Debug;
		};
		0B1210D825BA231000F84FDB /* Release */ = {
			isa = XCBuildConfiguration;
			buildSettings = {
				ALWAYS_EMBED_SWIFT_STANDARD_LIBRARIES = YES;
				CODE_SIGN_STYLE = Automatic;
				COMBINE_HIDPI_IMAGES = YES;
				INFOPLIST_FILE = "Tests macOS/Info.plist";
				LD_RUNPATH_SEARCH_PATHS = (
					"$(inherited)",
					"@executable_path/../Frameworks",
					"@loader_path/../Frameworks",
				);
				MACOSX_DEPLOYMENT_TARGET = 11.0;
				PRODUCT_BUNDLE_IDENTIFIER = "CS461Group28.Tests-macOS";
				PRODUCT_NAME = "$(TARGET_NAME)";
				SDKROOT = macosx;
				SWIFT_VERSION = 5.0;
				TEST_TARGET_NAME = "Wave Lab Management (macOS)";
			};
			name = Release;
		};
/* End XCBuildConfiguration section */

/* Begin XCConfigurationList section */
		0B12109A25BA230E00F84FDB /* Build configuration list for PBXProject "Wave Lab Management" */ = {
			isa = XCConfigurationList;
			buildConfigurations = (
				0B1210CB25BA231000F84FDB /* Debug */,
				0B1210CC25BA231000F84FDB /* Release */,
			);
			defaultConfigurationIsVisible = 0;
			defaultConfigurationName = Release;
		};
		0B1210CD25BA231000F84FDB /* Build configuration list for PBXNativeTarget "Wave Lab Management (iOS)" */ = {
			isa = XCConfigurationList;
			buildConfigurations = (
				0B1210CE25BA231000F84FDB /* Debug */,
				0B1210CF25BA231000F84FDB /* Release */,
			);
			defaultConfigurationIsVisible = 0;
			defaultConfigurationName = Release;
		};
		0B1210D025BA231000F84FDB /* Build configuration list for PBXNativeTarget "Wave Lab Management (macOS)" */ = {
			isa = XCConfigurationList;
			buildConfigurations = (
				0B1210D125BA231000F84FDB /* Debug */,
				0B1210D225BA231000F84FDB /* Release */,
			);
			defaultConfigurationIsVisible = 0;
			defaultConfigurationName = Release;
		};
		0B1210D325BA231000F84FDB /* Build configuration list for PBXNativeTarget "Tests iOS" */ = {
			isa = XCConfigurationList;
			buildConfigurations = (
				0B1210D425BA231000F84FDB /* Debug */,
				0B1210D525BA231000F84FDB /* Release */,
			);
			defaultConfigurationIsVisible = 0;
			defaultConfigurationName = Release;
		};
		0B1210D625BA231000F84FDB /* Build configuration list for PBXNativeTarget "Tests macOS" */ = {
			isa = XCConfigurationList;
			buildConfigurations = (
				0B1210D725BA231000F84FDB /* Debug */,
				0B1210D825BA231000F84FDB /* Release */,
			);
			defaultConfigurationIsVisible = 0;
			defaultConfigurationName = Release;
		};
/* End XCConfigurationList section */
	};
	rootObject = 0B12109725BA230E00F84FDB /* Project object */;
}
